// !$*UTF8*$!
{
	archiveVersion = 1;
	classes = {
	};
	objectVersion = 46;
	objects = {

/* Begin PBXBuildFile section */
		2C982B58153BEBB300E3C760 /* Cocoa.framework in Frameworks */ = {isa = PBXBuildFile; fileRef = 2C982B57153BEBB300E3C760 /* Cocoa.framework */; };
		2C982B62153BEBB300E3C760 /* InfoPlist.strings in Resources */ = {isa = PBXBuildFile; fileRef = 2C982B60153BEBB300E3C760 /* InfoPlist.strings */; };
		2C982B64153BEBB300E3C760 /* main.m in Sources */ = {isa = PBXBuildFile; fileRef = 2C982B63153BEBB300E3C760 /* main.m */; };
		2C982B68153BEBB300E3C760 /* Credits.rtf in Resources */ = {isa = PBXBuildFile; fileRef = 2C982B66153BEBB300E3C760 /* Credits.rtf */; };
		2C982B6B153BEBB300E3C760 /* AppDelegate.m in Sources */ = {isa = PBXBuildFile; fileRef = 2C982B6A153BEBB300E3C760 /* AppDelegate.m */; };
		2C982B6E153BEBB300E3C760 /* MainMenu.xib in Resources */ = {isa = PBXBuildFile; fileRef = 2C982B6C153BEBB300E3C760 /* MainMenu.xib */; };
		2C982B7C153BEC6600E3C760 /* MainWindowController.m in Sources */ = {isa = PBXBuildFile; fileRef = 2C982B7B153BEC6600E3C760 /* MainWindowController.m */; };
		2C982B7F153BEEDF00E3C760 /* qq.png in Resources */ = {isa = PBXBuildFile; fileRef = 2C982B7D153BEEDF00E3C760 /* qq.png */; };
		2C982B80153BEEDF00E3C760 /* qq2.png in Resources */ = {isa = PBXBuildFile; fileRef = 2C982B7E153BEEDF00E3C760 /* qq2.png */; };
		2C982B82153BEEF400E3C760 /* unread.png in Resources */ = {isa = PBXBuildFile; fileRef = 2C982B81153BEEF400E3C760 /* unread.png */; };
		2C982B86153BFFEF00E3C760 /* MessageView.m in Sources */ = {isa = PBXBuildFile; fileRef = 2C982B85153BFFEF00E3C760 /* MessageView.m */; };
/* End PBXBuildFile section */

/* Begin PBXFileReference section */
		2C982B53153BEBB300E3C760 /* RenRenMenu.app */ = {isa = PBXFileReference; explicitFileType = wrapper.application; includeInIndex = 0; path = RenRenMenu.app; sourceTree = BUILT_PRODUCTS_DIR; };
		2C982B57153BEBB300E3C760 /* Cocoa.framework */ = {isa = PBXFileReference; lastKnownFileType = wrapper.framework; name = Cocoa.framework; path = System/Library/Frameworks/Cocoa.framework; sourceTree = SDKROOT; };
		2C982B5A153BEBB300E3C760 /* AppKit.framework */ = {isa = PBXFileReference; lastKnownFileType = wrapper.framework; name = AppKit.framework; path = System/Library/Frameworks/AppKit.framework; sourceTree = SDKROOT; };
		2C982B5B153BEBB300E3C760 /* CoreData.framework */ = {isa = PBXFileReference; lastKnownFileType = wrapper.framework; name = CoreData.framework; path = System/Library/Frameworks/CoreData.framework; sourceTree = SDKROOT; };
		2C982B5C153BEBB300E3C760 /* Foundation.framework */ = {isa = PBXFileReference; lastKnownFileType = wrapper.framework; name = Foundation.framework; path = System/Library/Frameworks/Foundation.framework; sourceTree = SDKROOT; };
		2C982B5F153BEBB300E3C760 /* RenRenMenu-Info.plist */ = {isa = PBXFileReference; lastKnownFileType = text.plist.xml; path = "RenRenMenu-Info.plist"; sourceTree = "<group>"; };
		2C982B61153BEBB300E3C760 /* en */ = {isa = PBXFileReference; lastKnownFileType = text.plist.strings; name = en; path = en.lproj/InfoPlist.strings; sourceTree = "<group>"; };
		2C982B63153BEBB300E3C760 /* main.m */ = {isa = PBXFileReference; lastKnownFileType = sourcecode.c.objc; path = main.m; sourceTree = "<group>"; };
		2C982B65153BEBB300E3C760 /* RenRenMenu-Prefix.pch */ = {isa = PBXFileReference; lastKnownFileType = sourcecode.c.h; path = "RenRenMenu-Prefix.pch"; sourceTree = "<group>"; };
		2C982B67153BEBB300E3C760 /* en */ = {isa = PBXFileReference; lastKnownFileType = text.rtf; name = en; path = en.lproj/Credits.rtf; sourceTree = "<group>"; };
		2C982B69153BEBB300E3C760 /* AppDelegate.h */ = {isa = PBXFileReference; lastKnownFileType = sourcecode.c.h; path = AppDelegate.h; sourceTree = "<group>"; };
		2C982B6A153BEBB300E3C760 /* AppDelegate.m */ = {isa = PBXFileReference; lastKnownFileType = sourcecode.c.objc; path = AppDelegate.m; sourceTree = "<group>"; };
		2C982B6D153BEBB300E3C760 /* en */ = {isa = PBXFileReference; lastKnownFileType = file.xib; name = en; path = en.lproj/MainMenu.xib; sourceTree = "<group>"; };
		2C982B7A153BEC6600E3C760 /* MainWindowController.h */ = {isa = PBXFileReference; fileEncoding = 4; lastKnownFileType = sourcecode.c.h; path = MainWindowController.h; sourceTree = "<group>"; };
		2C982B7B153BEC6600E3C760 /* MainWindowController.m */ = {isa = PBXFileReference; fileEncoding = 4; lastKnownFileType = sourcecode.c.objc; path = MainWindowController.m; sourceTree = "<group>"; };
		2C982B7D153BEEDF00E3C760 /* qq.png */ = {isa = PBXFileReference; lastKnownFileType = image.png; name = qq.png; path = RenRenMenu/qq.png; sourceTree = "<group>"; };
		2C982B7E153BEEDF00E3C760 /* qq2.png */ = {isa = PBXFileReference; lastKnownFileType = image.png; name = qq2.png; path = RenRenMenu/qq2.png; sourceTree = "<group>"; };
		2C982B81153BEEF400E3C760 /* unread.png */ = {isa = PBXFileReference; lastKnownFileType = image.png; name = unread.png; path = RenRenMenu/unread.png; sourceTree = "<group>"; };
		2C982B84153BFFEF00E3C760 /* MessageView.h */ = {isa = PBXFileReference; fileEncoding = 4; lastKnownFileType = sourcecode.c.h; path = MessageView.h; sourceTree = "<group>"; };
		2C982B85153BFFEF00E3C760 /* MessageView.m */ = {isa = PBXFileReference; fileEncoding = 4; lastKnownFileType = sourcecode.c.objc; path = MessageView.m; sourceTree = "<group>"; };
/* End PBXFileReference section */

/* Begin PBXFrameworksBuildPhase section */
		2C982B50153BEBB300E3C760 /* Frameworks */ = {
			isa = PBXFrameworksBuildPhase;
			buildActionMask = 2147483647;
			files = (
				2C982B58153BEBB300E3C760 /* Cocoa.framework in Frameworks */,
			);
			runOnlyForDeploymentPostprocessing = 0;
		};
/* End PBXFrameworksBuildPhase section */

/* Begin PBXGroup section */
		2C982B48153BEBB200E3C760 = {
			isa = PBXGroup;
			children = (
				2C982B83153BEEFD00E3C760 /* Resource */,
				2C982B5D153BEBB300E3C760 /* RenRenMenu */,
				2C982B56153BEBB300E3C760 /* Frameworks */,
				2C982B54153BEBB300E3C760 /* Products */,
			);
			sourceTree = "<group>";
		};
		2C982B54153BEBB300E3C760 /* Products */ = {
			isa = PBXGroup;
			children = (
				2C982B53153BEBB300E3C760 /* RenRenMenu.app */,
			);
			name = Products;
			sourceTree = "<group>";
		};
		2C982B56153BEBB300E3C760 /* Frameworks */ = {
			isa = PBXGroup;
			children = (
				2C982B57153BEBB300E3C760 /* Cocoa.framework */,
				2C982B59153BEBB300E3C760 /* Other Frameworks */,
			);
			name = Frameworks;
			sourceTree = "<group>";
		};
		2C982B59153BEBB300E3C760 /* Other Frameworks */ = {
			isa = PBXGroup;
			children = (
				2C982B5A153BEBB300E3C760 /* AppKit.framework */,
				2C982B5B153BEBB300E3C760 /* CoreData.framework */,
				2C982B5C153BEBB300E3C760 /* Foundation.framework */,
			);
			name = "Other Frameworks";
			sourceTree = "<group>";
		};
		2C982B5D153BEBB300E3C760 /* RenRenMenu */ = {
			isa = PBXGroup;
			children = (
				2C982B69153BEBB300E3C760 /* AppDelegate.h */,
				2C982B6A153BEBB300E3C760 /* AppDelegate.m */,
				2C982B6C153BEBB300E3C760 /* MainMenu.xib */,
				2C982B5E153BEBB300E3C760 /* Supporting Files */,
				2C982B7A153BEC6600E3C760 /* MainWindowController.h */,
				2C982B7B153BEC6600E3C760 /* MainWindowController.m */,
				2C982B84153BFFEF00E3C760 /* MessageView.h */,
				2C982B85153BFFEF00E3C760 /* MessageView.m */,
			);
			path = RenRenMenu;
			sourceTree = "<group>";
		};
		2C982B5E153BEBB300E3C760 /* Supporting Files */ = {
			isa = PBXGroup;
			children = (
				2C982B5F153BEBB300E3C760 /* RenRenMenu-Info.plist */,
				2C982B60153BEBB300E3C760 /* InfoPlist.strings */,
				2C982B63153BEBB300E3C760 /* main.m */,
				2C982B65153BEBB300E3C760 /* RenRenMenu-Prefix.pch */,
				2C982B66153BEBB300E3C760 /* Credits.rtf */,
			);
			name = "Supporting Files";
			sourceTree = "<group>";
		};
		2C982B83153BEEFD00E3C760 /* Resource */ = {
			isa = PBXGroup;
			children = (
				2C982B81153BEEF400E3C760 /* unread.png */,
				2C982B7D153BEEDF00E3C760 /* qq.png */,
				2C982B7E153BEEDF00E3C760 /* qq2.png */,
			);
			name = Resource;
			sourceTree = "<group>";
		};
/* End PBXGroup section */

/* Begin PBXNativeTarget section */
		2C982B52153BEBB300E3C760 /* RenRenMenu */ = {
			isa = PBXNativeTarget;
			buildConfigurationList = 2C982B71153BEBB300E3C760 /* Build configuration list for PBXNativeTarget "RenRenMenu" */;
			buildPhases = (
				2C982B4F153BEBB300E3C760 /* Sources */,
				2C982B50153BEBB300E3C760 /* Frameworks */,
				2C982B51153BEBB300E3C760 /* Resources */,
			);
			buildRules = (
			);
			dependencies = (
			);
			name = RenRenMenu;
			productName = RenRenMenu;
			productReference = 2C982B53153BEBB300E3C760 /* RenRenMenu.app */;
			productType = "com.apple.product-type.application";
		};
/* End PBXNativeTarget section */

/* Begin PBXProject section */
		2C982B4A153BEBB200E3C760 /* Project object */ = {
			isa = PBXProject;
			attributes = {
				LastUpgradeCheck = 0430;
			};
			buildConfigurationList = 2C982B4D153BEBB200E3C760 /* Build configuration list for PBXProject "RenRenMenu" */;
			compatibilityVersion = "Xcode 3.2";
			developmentRegion = English;
			hasScannedForEncodings = 0;
			knownRegions = (
				en,
			);
			mainGroup = 2C982B48153BEBB200E3C760;
			productRefGroup = 2C982B54153BEBB300E3C760 /* Products */;
			projectDirPath = "";
			projectRoot = "";
			targets = (
				2C982B52153BEBB300E3C760 /* RenRenMenu */,
			);
		};
/* End PBXProject section */

/* Begin PBXResourcesBuildPhase section */
		2C982B51153BEBB300E3C760 /* Resources */ = {
			isa = PBXResourcesBuildPhase;
			buildActionMask = 2147483647;
			files = (
				2C982B62153BEBB300E3C760 /* InfoPlist.strings in Resources */,
				2C982B68153BEBB300E3C760 /* Credits.rtf in Resources */,
				2C982B6E153BEBB300E3C760 /* MainMenu.xib in Resources */,
				2C982B7F153BEEDF00E3C760 /* qq.png in Resources */,
				2C982B80153BEEDF00E3C760 /* qq2.png in Resources */,
				2C982B82153BEEF400E3C760 /* unread.png in Resources */,
			);
			runOnlyForDeploymentPostprocessing = 0;
		};
/* End PBXResourcesBuildPhase section */

/* Begin PBXSourcesBuildPhase section */
		2C982B4F153BEBB300E3C760 /* Sources */ = {
			isa = PBXSourcesBuildPhase;
			buildActionMask = 2147483647;
			files = (
				2C982B64153BEBB300E3C760 /* main.m in Sources */,
				2C982B6B153BEBB300E3C760 /* AppDelegate.m in Sources */,
				2C982B7C153BEC6600E3C760 /* MainWindowController.m in Sources */,
				2C982B86153BFFEF00E3C760 /* MessageView.m in Sources */,
			);
			runOnlyForDeploymentPostprocessing = 0;
		};
/* End PBXSourcesBuildPhase section */

/* Begin PBXVariantGroup section */
		2C982B60153BEBB300E3C760 /* InfoPlist.strings */ = {
			isa = PBXVariantGroup;
			children = (
				2C982B61153BEBB300E3C760 /* en */,
			);
			name = InfoPlist.strings;
			sourceTree = "<group>";
		};
		2C982B66153BEBB300E3C760 /* Credits.rtf */ = {
			isa = PBXVariantGroup;
			children = (
				2C982B67153BEBB300E3C760 /* en */,
			);
			name = Credits.rtf;
			sourceTree = "<group>";
		};
		2C982B6C153BEBB300E3C760 /* MainMenu.xib */ = {
			isa = PBXVariantGroup;
			children = (
				2C982B6D153BEBB300E3C760 /* en */,
			);
			name = MainMenu.xib;
			sourceTree = "<group>";
		};
/* End PBXVariantGroup section */

/* Begin XCBuildConfiguration section */
		2C982B6F153BEBB300E3C760 /* Debug */ = {
			isa = XCBuildConfiguration;
			buildSettings = {
				ALWAYS_SEARCH_USER_PATHS = NO;
				ARCHS = "$(ARCHS_STANDARD_64_BIT)";
				COPY_PHASE_STRIP = NO;
				GCC_C_LANGUAGE_STANDARD = gnu99;
				GCC_DYNAMIC_NO_PIC = NO;
				GCC_ENABLE_OBJC_EXCEPTIONS = YES;
				GCC_OPTIMIZATION_LEVEL = 0;
				GCC_PREPROCESSOR_DEFINITIONS = (
					"DEBUG=1",
					"$(inherited)",
				);
				GCC_SYMBOLS_PRIVATE_EXTERN = NO;
				GCC_VERSION = com.apple.compilers.llvm.clang.1_0;
				GCC_WARN_64_TO_32_BIT_CONVERSION = YES;
				GCC_WARN_ABOUT_RETURN_TYPE = YES;
				GCC_WARN_UNINITIALIZED_AUTOS = YES;
				GCC_WARN_UNUSED_VARIABLE = YES;
				MACOSX_DEPLOYMENT_TARGET = 10.7;
				ONLY_ACTIVE_ARCH = YES;
				SDKROOT = macosx;
			};
			name = Debug;
		};
		2C982B70153BEBB300E3C760 /* Release */ = {
			isa = XCBuildConfiguration;
			buildSettings = {
				ALWAYS_SEARCH_USER_PATHS = NO;
				ARCHS = "$(ARCHS_STANDARD_64_BIT)";
				COPY_PHASE_STRIP = YES;
				DEBUG_INFORMATION_FORMAT = "dwarf-with-dsym";
				GCC_C_LANGUAGE_STANDARD = gnu99;
				GCC_ENABLE_OBJC_EXCEPTIONS = YES;
				GCC_VERSION = com.apple.compilers.llvm.clang.1_0;
				GCC_WARN_64_TO_32_BIT_CONVERSION = YES;
				GCC_WARN_ABOUT_RETURN_TYPE = YES;
				GCC_WARN_UNINITIALIZED_AUTOS = YES;
				GCC_WARN_UNUSED_VARIABLE = YES;
				MACOSX_DEPLOYMENT_TARGET = 10.7;
				SDKROOT = macosx;
			};
			name = Release;
		};
		2C982B72153BEBB300E3C760 /* Debug */ = {
			isa = XCBuildConfiguration;
			buildSettings = {
				GCC_PRECOMPILE_PREFIX_HEADER = YES;
				GCC_PREFIX_HEADER = "RenRenMenu/RenRenMenu-Prefix.pch";
				INFOPLIST_FILE = "RenRenMenu/RenRenMenu-Info.plist";
				PRODUCT_NAME = "$(TARGET_NAME)";
				WRAPPER_EXTENSION = app;
			};
			name = Debug;
		};
		2C982B73153BEBB300E3C760 /* Release */ = {
			isa = XCBuildConfiguration;
			buildSettings = {
				GCC_PRECOMPILE_PREFIX_HEADER = YES;
				GCC_PREFIX_HEADER = "RenRenMenu/RenRenMenu-Prefix.pch";
				INFOPLIST_FILE = "RenRenMenu/RenRenMenu-Info.plist";
				PRODUCT_NAME = "$(TARGET_NAME)";
				WRAPPER_EXTENSION = app;
			};
			name = Release;
		};
/* End XCBuildConfiguration section */

/* Begin XCConfigurationList section */
		2C982B4D153BEBB200E3C760 /* Build configuration list for PBXProject "RenRenMenu" */ = {
			isa = XCConfigurationList;
			buildConfigurations = (
				2C982B6F153BEBB300E3C760 /* Debug */,
				2C982B70153BEBB300E3C760 /* Release */,
			);
			defaultConfigurationIsVisible = 0;
			defaultConfigurationName = Release;
		};
		2C982B71153BEBB300E3C760 /* Build configuration list for PBXNativeTarget "RenRenMenu" */ = {
			isa = XCConfigurationList;
			buildConfigurations = (
				2C982B72153BEBB300E3C760 /* Debug */,
				2C982B73153BEBB300E3C760 /* Release */,
			);
			defaultConfigurationIsVisible = 0;
		};
/* End XCConfigurationList section */
	};
	rootObject = 2C982B4A153BEBB200E3C760 /* Project object */;
}
