
Microsoft Visual Studio Solution File, Format Version 10.00
# Visual Studio 2008
Project("{FAE04EC0-301F-11D3-BF4B-00C04F79EFBC}") = "LinQTest", "LinQTest\LinQTest.csproj", "{7340476D-FAD5-41CB-A7FF-B0C0442F22EF}"
EndProject
Project("{FAE04EC0-301F-11D3-BF4B-00C04F79EFBC}") = "LinqToSQL", "LinqToSQL\LinqToSQL.csproj", "{065D75E7-3D3F-4E49-8F2F-D2697A837CA4}"
EndProject
Global
	GlobalSection(SubversionScc) = preSolution
		Svn-Managed = True
		Manager = AnkhSVN - Subversion Support for Visual Studio
	EndGlobalSection
	GlobalSection(SolutionConfigurationPlatforms) = preSolution
		Debug|Any CPU = Debug|Any CPU
		Release|Any CPU = Release|Any CPU
	EndGlobalSection
	GlobalSection(ProjectConfigurationPlatforms) = postSolution
		{7340476D-FAD5-41CB-A7FF-B0C0442F22EF}.Debug|Any CPU.ActiveCfg = Debug|Any CPU
		{7340476D-FAD5-41CB-A7FF-B0C0442F22EF}.Debug|Any CPU.Build.0 = Debug|Any CPU
		{7340476D-FAD5-41CB-A7FF-B0C0442F22EF}.Release|Any CPU.ActiveCfg = Release|Any CPU
		{7340476D-FAD5-41CB-A7FF-B0C0442F22EF}.Release|Any CPU.Build.0 = Release|Any CPU
		{065D75E7-3D3F-4E49-8F2F-D2697A837CA4}.Debug|Any CPU.ActiveCfg = Debug|Any CPU
		{065D75E7-3D3F-4E49-8F2F-D2697A837CA4}.Debug|Any CPU.Build.0 = Debug|Any CPU
		{065D75E7-3D3F-4E49-8F2F-D2697A837CA4}.Release|Any CPU.ActiveCfg = Release|Any CPU
		{065D75E7-3D3F-4E49-8F2F-D2697A837CA4}.Release|Any CPU.Build.0 = Release|Any CPU
	EndGlobalSection
	GlobalSection(SolutionProperties) = preSolution
		HideSolutionNode = FALSE
	EndGlobalSection
EndGlobal
