
Microsoft Visual Studio Solution File, Format Version 10.00
# Visual Studio 2008
Project("{FAE04EC0-301F-11D3-BF4B-00C04F79EFBC}") = "CSharpCallCppDll", "CSharpCallCppDll\CSharpCallCppDll.csproj", "{B88D2765-E525-4064-A946-CB5C3441944B}"
EndProject
Project("{8BC9CEB8-8B4A-11D0-8D11-00A0C91BC942}") = "CppDll", "CppDll\CppDll.vcproj", "{FF11E870-02BB-4F79-8850-7BA1AB5FF186}"
EndProject
Project("{8BC9CEB8-8B4A-11D0-8D11-00A0C91BC942}") = "CppCallCppDll", "CppCallCppDll\CppCallCppDll.vcproj", "{86CE9E79-B30A-446B-88DF-D0186A02E426}"
	ProjectSection(ProjectDependencies) = postProject
		{FF11E870-02BB-4F79-8850-7BA1AB5FF186} = {FF11E870-02BB-4F79-8850-7BA1AB5FF186}
	EndProjectSection
EndProject
Project("{2150E333-8FDC-42A3-9474-1A3956D46DE8}") = "Solution Items", "Solution Items", "{7F12E842-5925-47B3-AE14-FCA8818F3584}"
	ProjectSection(SolutionItems) = preProject
		Readme.txt = Readme.txt
	EndProjectSection
EndProject
Global
	GlobalSection(SubversionScc) = preSolution
		Svn-Managed = True
		Manager = AnkhSVN - Subversion Support for Visual Studio
	EndGlobalSection
	GlobalSection(SolutionConfigurationPlatforms) = preSolution
		Debug|Any CPU = Debug|Any CPU
		Debug|Mixed Platforms = Debug|Mixed Platforms
		Debug|Win32 = Debug|Win32
		Release|Any CPU = Release|Any CPU
		Release|Mixed Platforms = Release|Mixed Platforms
		Release|Win32 = Release|Win32
	EndGlobalSection
	GlobalSection(ProjectConfigurationPlatforms) = postSolution
		{B88D2765-E525-4064-A946-CB5C3441944B}.Debug|Any CPU.ActiveCfg = Debug|Any CPU
		{B88D2765-E525-4064-A946-CB5C3441944B}.Debug|Any CPU.Build.0 = Debug|Any CPU
		{B88D2765-E525-4064-A946-CB5C3441944B}.Debug|Mixed Platforms.ActiveCfg = Debug|Any CPU
		{B88D2765-E525-4064-A946-CB5C3441944B}.Debug|Mixed Platforms.Build.0 = Debug|Any CPU
		{B88D2765-E525-4064-A946-CB5C3441944B}.Debug|Win32.ActiveCfg = Debug|Any CPU
		{B88D2765-E525-4064-A946-CB5C3441944B}.Release|Any CPU.ActiveCfg = Release|Any CPU
		{B88D2765-E525-4064-A946-CB5C3441944B}.Release|Any CPU.Build.0 = Release|Any CPU
		{B88D2765-E525-4064-A946-CB5C3441944B}.Release|Mixed Platforms.ActiveCfg = Release|Any CPU
		{B88D2765-E525-4064-A946-CB5C3441944B}.Release|Mixed Platforms.Build.0 = Release|Any CPU
		{B88D2765-E525-4064-A946-CB5C3441944B}.Release|Win32.ActiveCfg = Release|Any CPU
		{FF11E870-02BB-4F79-8850-7BA1AB5FF186}.Debug|Any CPU.ActiveCfg = Debug|Win32
		{FF11E870-02BB-4F79-8850-7BA1AB5FF186}.Debug|Mixed Platforms.ActiveCfg = Debug|Win32
		{FF11E870-02BB-4F79-8850-7BA1AB5FF186}.Debug|Mixed Platforms.Build.0 = Debug|Win32
		{FF11E870-02BB-4F79-8850-7BA1AB5FF186}.Debug|Win32.ActiveCfg = Debug|Win32
		{FF11E870-02BB-4F79-8850-7BA1AB5FF186}.Debug|Win32.Build.0 = Debug|Win32
		{FF11E870-02BB-4F79-8850-7BA1AB5FF186}.Release|Any CPU.ActiveCfg = Release|Win32
		{FF11E870-02BB-4F79-8850-7BA1AB5FF186}.Release|Mixed Platforms.ActiveCfg = Release|Win32
		{FF11E870-02BB-4F79-8850-7BA1AB5FF186}.Release|Mixed Platforms.Build.0 = Release|Win32
		{FF11E870-02BB-4F79-8850-7BA1AB5FF186}.Release|Win32.ActiveCfg = Release|Win32
		{FF11E870-02BB-4F79-8850-7BA1AB5FF186}.Release|Win32.Build.0 = Release|Win32
		{86CE9E79-B30A-446B-88DF-D0186A02E426}.Debug|Any CPU.ActiveCfg = Debug|Win32
		{86CE9E79-B30A-446B-88DF-D0186A02E426}.Debug|Mixed Platforms.ActiveCfg = Debug|Win32
		{86CE9E79-B30A-446B-88DF-D0186A02E426}.Debug|Mixed Platforms.Build.0 = Debug|Win32
		{86CE9E79-B30A-446B-88DF-D0186A02E426}.Debug|Win32.ActiveCfg = Debug|Win32
		{86CE9E79-B30A-446B-88DF-D0186A02E426}.Debug|Win32.Build.0 = Debug|Win32
		{86CE9E79-B30A-446B-88DF-D0186A02E426}.Release|Any CPU.ActiveCfg = Release|Win32
		{86CE9E79-B30A-446B-88DF-D0186A02E426}.Release|Mixed Platforms.ActiveCfg = Release|Win32
		{86CE9E79-B30A-446B-88DF-D0186A02E426}.Release|Mixed Platforms.Build.0 = Release|Win32
		{86CE9E79-B30A-446B-88DF-D0186A02E426}.Release|Win32.ActiveCfg = Release|Win32
		{86CE9E79-B30A-446B-88DF-D0186A02E426}.Release|Win32.Build.0 = Release|Win32
	EndGlobalSection
	GlobalSection(SolutionProperties) = preSolution
		HideSolutionNode = FALSE
	EndGlobalSection
EndGlobal
