
Microsoft Visual Studio Solution File, Format Version 10.00
# Visual Studio 2008
Project("{FAE04EC0-301F-11D3-BF4B-00C04F79EFBC}") = "WCF_WebService", "WCF_WebService\WCF_WebService.csproj", "{FE790DF4-C8F0-479E-BF15-6911816A85DB}"
EndProject
Project("{FAE04EC0-301F-11D3-BF4B-00C04F79EFBC}") = "WCF_WebServiceClient", "WCF_WebServiceClient\WCF_WebServiceClient.csproj", "{40E4115C-9A1D-4796-BE75-8ECDB16913A6}"
EndProject
Project("{2150E333-8FDC-42A3-9474-1A3956D46DE8}") = "WCF宿主", "WCF宿主", "{1E9FABB1-836C-406F-8B3A-49C1E1FC0C1F}"
	ProjectSection(SolutionItems) = preProject
		Readme.txt = Readme.txt
	EndProjectSection
EndProject
Global
	GlobalSection(SolutionConfigurationPlatforms) = preSolution
		Debug|Any CPU = Debug|Any CPU
		Release|Any CPU = Release|Any CPU
	EndGlobalSection
	GlobalSection(ProjectConfigurationPlatforms) = postSolution
		{FE790DF4-C8F0-479E-BF15-6911816A85DB}.Debug|Any CPU.ActiveCfg = Debug|Any CPU
		{FE790DF4-C8F0-479E-BF15-6911816A85DB}.Debug|Any CPU.Build.0 = Debug|Any CPU
		{FE790DF4-C8F0-479E-BF15-6911816A85DB}.Release|Any CPU.ActiveCfg = Release|Any CPU
		{FE790DF4-C8F0-479E-BF15-6911816A85DB}.Release|Any CPU.Build.0 = Release|Any CPU
		{40E4115C-9A1D-4796-BE75-8ECDB16913A6}.Debug|Any CPU.ActiveCfg = Debug|Any CPU
		{40E4115C-9A1D-4796-BE75-8ECDB16913A6}.Debug|Any CPU.Build.0 = Debug|Any CPU
		{40E4115C-9A1D-4796-BE75-8ECDB16913A6}.Release|Any CPU.ActiveCfg = Release|Any CPU
		{40E4115C-9A1D-4796-BE75-8ECDB16913A6}.Release|Any CPU.Build.0 = Release|Any CPU
	EndGlobalSection
	GlobalSection(SolutionProperties) = preSolution
		HideSolutionNode = FALSE
	EndGlobalSection
	GlobalSection(NestedProjects) = preSolution
		{40E4115C-9A1D-4796-BE75-8ECDB16913A6} = {1E9FABB1-836C-406F-8B3A-49C1E1FC0C1F}
		{FE790DF4-C8F0-479E-BF15-6911816A85DB} = {1E9FABB1-836C-406F-8B3A-49C1E1FC0C1F}
	EndGlobalSection
EndGlobal
