
Microsoft Visual Studio Solution File, Format Version 10.00
# Visual Studio 2008
Project("{FAE04EC0-301F-11D3-BF4B-00C04F79EFBC}") = "dataReader", "dataReader\dataReader.csproj", "{E772FC25-516C-45CE-9409-25B7BE967E93}"
EndProject
Project("{FAE04EC0-301F-11D3-BF4B-00C04F79EFBC}") = "dataSet", "dataSet\dataSet.csproj", "{BF364E98-D2A2-443E-B037-60D90C397C68}"
EndProject
Project("{FAE04EC0-301F-11D3-BF4B-00C04F79EFBC}") = "MsDtcTest", "MsDtcTest\MsDtcTest.csproj", "{EBB353CA-2A82-4636-A774-755AAC780E88}"
EndProject
Project("{FAE04EC0-301F-11D3-BF4B-00C04F79EFBC}") = "TransactionTest", "TransactionTest\TransactionTest.csproj", "{9CDB07D4-E205-4BDD-B468-3D7B9351C14E}"
EndProject
Project("{FAE04EC0-301F-11D3-BF4B-00C04F79EFBC}") = "DataConnectionTest", "DataConnectionTest\DataConnectionTest.csproj", "{98C1C214-B3ED-4B7D-97E1-AC5BCEE8F87F}"
EndProject
Project("{2150E333-8FDC-42A3-9474-1A3956D46DE8}") = "Solution Items", "Solution Items", "{B6C56F42-4105-42D3-B815-0882856DF764}"
	ProjectSection(SolutionItems) = preProject
		NORTHWND.LDF = NORTHWND.LDF
		NORTHWND.MDF = NORTHWND.MDF
	EndProjectSection
EndProject
Global
	GlobalSection(SubversionScc) = preSolution
		Svn-Managed = True
		Manager = AnkhSVN - Subversion Support for Visual Studio
	EndGlobalSection
	GlobalSection(SolutionConfigurationPlatforms) = preSolution
		Debug|Any CPU = Debug|Any CPU
		Release|Any CPU = Release|Any CPU
	EndGlobalSection
	GlobalSection(ProjectConfigurationPlatforms) = postSolution
		{E772FC25-516C-45CE-9409-25B7BE967E93}.Debug|Any CPU.ActiveCfg = Debug|Any CPU
		{E772FC25-516C-45CE-9409-25B7BE967E93}.Debug|Any CPU.Build.0 = Debug|Any CPU
		{E772FC25-516C-45CE-9409-25B7BE967E93}.Release|Any CPU.ActiveCfg = Release|Any CPU
		{E772FC25-516C-45CE-9409-25B7BE967E93}.Release|Any CPU.Build.0 = Release|Any CPU
		{BF364E98-D2A2-443E-B037-60D90C397C68}.Debug|Any CPU.ActiveCfg = Debug|Any CPU
		{BF364E98-D2A2-443E-B037-60D90C397C68}.Debug|Any CPU.Build.0 = Debug|Any CPU
		{BF364E98-D2A2-443E-B037-60D90C397C68}.Release|Any CPU.ActiveCfg = Release|Any CPU
		{BF364E98-D2A2-443E-B037-60D90C397C68}.Release|Any CPU.Build.0 = Release|Any CPU
		{EBB353CA-2A82-4636-A774-755AAC780E88}.Debug|Any CPU.ActiveCfg = Debug|Any CPU
		{EBB353CA-2A82-4636-A774-755AAC780E88}.Debug|Any CPU.Build.0 = Debug|Any CPU
		{EBB353CA-2A82-4636-A774-755AAC780E88}.Release|Any CPU.ActiveCfg = Release|Any CPU
		{EBB353CA-2A82-4636-A774-755AAC780E88}.Release|Any CPU.Build.0 = Release|Any CPU
		{9CDB07D4-E205-4BDD-B468-3D7B9351C14E}.Debug|Any CPU.ActiveCfg = Debug|Any CPU
		{9CDB07D4-E205-4BDD-B468-3D7B9351C14E}.Debug|Any CPU.Build.0 = Debug|Any CPU
		{9CDB07D4-E205-4BDD-B468-3D7B9351C14E}.Release|Any CPU.ActiveCfg = Release|Any CPU
		{9CDB07D4-E205-4BDD-B468-3D7B9351C14E}.Release|Any CPU.Build.0 = Release|Any CPU
		{98C1C214-B3ED-4B7D-97E1-AC5BCEE8F87F}.Debug|Any CPU.ActiveCfg = Debug|Any CPU
		{98C1C214-B3ED-4B7D-97E1-AC5BCEE8F87F}.Debug|Any CPU.Build.0 = Debug|Any CPU
		{98C1C214-B3ED-4B7D-97E1-AC5BCEE8F87F}.Release|Any CPU.ActiveCfg = Release|Any CPU
		{98C1C214-B3ED-4B7D-97E1-AC5BCEE8F87F}.Release|Any CPU.Build.0 = Release|Any CPU
	EndGlobalSection
	GlobalSection(SolutionProperties) = preSolution
		HideSolutionNode = FALSE
	EndGlobalSection
EndGlobal
