
Microsoft Visual Studio Solution File, Format Version 11.00
# Visual Studio 2010
Project("{FAE04EC0-301F-11D3-BF4B-00C04F79EFBC}") = "MvcMovie", "MvcMovie\MvcMovie.csproj", "{CC615E92-23CD-4940-8127-4BF113E467BB}"
EndProject
Global
	GlobalSection(SolutionConfigurationPlatforms) = preSolution
		Debug|Any CPU = Debug|Any CPU
		Release|Any CPU = Release|Any CPU
	EndGlobalSection
	GlobalSection(ProjectConfigurationPlatforms) = postSolution
		{CC615E92-23CD-4940-8127-4BF113E467BB}.Debug|Any CPU.ActiveCfg = Debug|Any CPU
		{CC615E92-23CD-4940-8127-4BF113E467BB}.Debug|Any CPU.Build.0 = Debug|Any CPU
		{CC615E92-23CD-4940-8127-4BF113E467BB}.Release|Any CPU.ActiveCfg = Release|Any CPU
		{CC615E92-23CD-4940-8127-4BF113E467BB}.Release|Any CPU.Build.0 = Release|Any CPU
	EndGlobalSection
	GlobalSection(SolutionProperties) = preSolution
		HideSolutionNode = FALSE
	EndGlobalSection
EndGlobal
