
Microsoft Visual Studio Solution File, Format Version 9.00
# Visual Studio 2005
Project("{8BC9CEB8-8B4A-11D0-8D11-00A0C91BC942}") = "各个容器插入性能比较", "各个容器插入性能比较\各个容器插入性能比较.vcproj", "{7A2EF390-DB6E-4E1C-9E4A-68EC921975AB}"
EndProject
Project("{8BC9CEB8-8B4A-11D0-8D11-00A0C91BC942}") = "指针迭代器", "指针迭代器\指针迭代器.vcproj", "{93834956-6536-474F-A0FA-BCC53A3A1D63}"
EndProject
Project("{8BC9CEB8-8B4A-11D0-8D11-00A0C91BC942}") = "容器迭代器", "容器迭代器\容器迭代器.vcproj", "{863D88B5-0C34-4477-9061-DBD817AB8F46}"
EndProject
Project("{8BC9CEB8-8B4A-11D0-8D11-00A0C91BC942}") = "输出迭代器", "输出迭代器\输出迭代器.vcproj", "{1AF30490-281F-43F6-83F5-51B82D41FDE3}"
EndProject
Project("{8BC9CEB8-8B4A-11D0-8D11-00A0C91BC942}") = "流和迭代器", "流和迭代器\流和迭代器.vcproj", "{AA3D4F1C-CCE7-4AB7-964F-279289FE519F}"
EndProject
Project("{8BC9CEB8-8B4A-11D0-8D11-00A0C91BC942}") = "插入迭代器", "插入迭代器\插入迭代器.vcproj", "{752235EA-F3B6-4D27-A4B9-193C0083BC65}"
EndProject
Project("{8BC9CEB8-8B4A-11D0-8D11-00A0C91BC942}") = "map学习", "map学习\map学习.vcproj", "{0510B552-E2F1-4F89-B30C-2DFE94352978}"
EndProject
Project("{8BC9CEB8-8B4A-11D0-8D11-00A0C91BC942}") = "Vector怎样增长", "Vector怎样增长\Vector怎样增长.vcproj", "{164FB004-2F6B-4D0F-9F2F-C2E81C326354}"
EndProject
Global
	GlobalSection(SubversionScc) = preSolution
		Svn-Managed = True
		Manager = AnkhSVN - Subversion Support for Visual Studio
	EndGlobalSection
	GlobalSection(SolutionConfigurationPlatforms) = preSolution
		Debug|Win32 = Debug|Win32
		Release|Win32 = Release|Win32
	EndGlobalSection
	GlobalSection(ProjectConfigurationPlatforms) = postSolution
		{7A2EF390-DB6E-4E1C-9E4A-68EC921975AB}.Debug|Win32.ActiveCfg = Debug|Win32
		{7A2EF390-DB6E-4E1C-9E4A-68EC921975AB}.Debug|Win32.Build.0 = Debug|Win32
		{7A2EF390-DB6E-4E1C-9E4A-68EC921975AB}.Release|Win32.ActiveCfg = Release|Win32
		{7A2EF390-DB6E-4E1C-9E4A-68EC921975AB}.Release|Win32.Build.0 = Release|Win32
		{93834956-6536-474F-A0FA-BCC53A3A1D63}.Debug|Win32.ActiveCfg = Debug|Win32
		{93834956-6536-474F-A0FA-BCC53A3A1D63}.Debug|Win32.Build.0 = Debug|Win32
		{93834956-6536-474F-A0FA-BCC53A3A1D63}.Release|Win32.ActiveCfg = Release|Win32
		{93834956-6536-474F-A0FA-BCC53A3A1D63}.Release|Win32.Build.0 = Release|Win32
		{863D88B5-0C34-4477-9061-DBD817AB8F46}.Debug|Win32.ActiveCfg = Debug|Win32
		{863D88B5-0C34-4477-9061-DBD817AB8F46}.Debug|Win32.Build.0 = Debug|Win32
		{863D88B5-0C34-4477-9061-DBD817AB8F46}.Release|Win32.ActiveCfg = Release|Win32
		{863D88B5-0C34-4477-9061-DBD817AB8F46}.Release|Win32.Build.0 = Release|Win32
		{1AF30490-281F-43F6-83F5-51B82D41FDE3}.Debug|Win32.ActiveCfg = Debug|Win32
		{1AF30490-281F-43F6-83F5-51B82D41FDE3}.Debug|Win32.Build.0 = Debug|Win32
		{1AF30490-281F-43F6-83F5-51B82D41FDE3}.Release|Win32.ActiveCfg = Release|Win32
		{1AF30490-281F-43F6-83F5-51B82D41FDE3}.Release|Win32.Build.0 = Release|Win32
		{AA3D4F1C-CCE7-4AB7-964F-279289FE519F}.Debug|Win32.ActiveCfg = Debug|Win32
		{AA3D4F1C-CCE7-4AB7-964F-279289FE519F}.Debug|Win32.Build.0 = Debug|Win32
		{AA3D4F1C-CCE7-4AB7-964F-279289FE519F}.Release|Win32.ActiveCfg = Release|Win32
		{AA3D4F1C-CCE7-4AB7-964F-279289FE519F}.Release|Win32.Build.0 = Release|Win32
		{752235EA-F3B6-4D27-A4B9-193C0083BC65}.Debug|Win32.ActiveCfg = Debug|Win32
		{752235EA-F3B6-4D27-A4B9-193C0083BC65}.Debug|Win32.Build.0 = Debug|Win32
		{752235EA-F3B6-4D27-A4B9-193C0083BC65}.Release|Win32.ActiveCfg = Release|Win32
		{752235EA-F3B6-4D27-A4B9-193C0083BC65}.Release|Win32.Build.0 = Release|Win32
		{0510B552-E2F1-4F89-B30C-2DFE94352978}.Debug|Win32.ActiveCfg = Debug|Win32
		{0510B552-E2F1-4F89-B30C-2DFE94352978}.Debug|Win32.Build.0 = Debug|Win32
		{0510B552-E2F1-4F89-B30C-2DFE94352978}.Release|Win32.ActiveCfg = Release|Win32
		{0510B552-E2F1-4F89-B30C-2DFE94352978}.Release|Win32.Build.0 = Release|Win32
		{164FB004-2F6B-4D0F-9F2F-C2E81C326354}.Debug|Win32.ActiveCfg = Debug|Win32
		{164FB004-2F6B-4D0F-9F2F-C2E81C326354}.Debug|Win32.Build.0 = Debug|Win32
		{164FB004-2F6B-4D0F-9F2F-C2E81C326354}.Release|Win32.ActiveCfg = Release|Win32
		{164FB004-2F6B-4D0F-9F2F-C2E81C326354}.Release|Win32.Build.0 = Release|Win32
	EndGlobalSection
	GlobalSection(SolutionProperties) = preSolution
		HideSolutionNode = FALSE
	EndGlobalSection
EndGlobal
