
Microsoft Visual Studio Solution File, Format Version 9.00
# Visual Studio 2005
Project("{8BC9CEB8-8B4A-11D0-8D11-00A0C91BC942}") = "mturoute", "mturoute\mturoute.vcproj", "{D4C56E74-6F64-459C-89DB-1041974BAAB2}"
EndProject
Project("{2150E333-8FDC-42A3-9474-1A3956D46DE8}") = "Doc", "Doc", "{2103A2BE-2AB8-40DB-AD93-732B4EC4A47A}"
	ProjectSection(SolutionItems) = preProject
		ClassDiagram1.cd = ClassDiagram1.cd
		README.txt = README.txt
	EndProjectSection
EndProject
Global
	GlobalSection(SolutionConfigurationPlatforms) = preSolution
		Debug|Win32 = Debug|Win32
		Release|Win32 = Release|Win32
	EndGlobalSection
	GlobalSection(ProjectConfigurationPlatforms) = postSolution
		{D4C56E74-6F64-459C-89DB-1041974BAAB2}.Debug|Win32.ActiveCfg = Debug|Win32
		{D4C56E74-6F64-459C-89DB-1041974BAAB2}.Debug|Win32.Build.0 = Debug|Win32
		{D4C56E74-6F64-459C-89DB-1041974BAAB2}.Release|Win32.ActiveCfg = Release|Win32
		{D4C56E74-6F64-459C-89DB-1041974BAAB2}.Release|Win32.Build.0 = Release|Win32
	EndGlobalSection
	GlobalSection(SolutionProperties) = preSolution
		HideSolutionNode = FALSE
	EndGlobalSection
EndGlobal
