
Microsoft Visual Studio Solution File, Format Version 10.00
# Visual Studio 2008
Project("{FAE04EC0-301F-11D3-BF4B-00C04F79EFBC}") = "WCF_Server", "WCF\WCF_Server.csproj", "{FE790DF4-C8F0-479E-BF15-6911816A85DB}"
EndProject
Project("{FAE04EC0-301F-11D3-BF4B-00C04F79EFBC}") = "WCF_Client", "WCF_Client\WCF_Client.csproj", "{22236A1C-6198-464A-B9A2-7397784DA524}"
EndProject
Project("{FAE04EC0-301F-11D3-BF4B-00C04F79EFBC}") = "FtpUpload", "FtpUpload\FtpUpload.csproj", "{1DD4D61C-4CD3-4341-BC5D-1092E4833285}"
EndProject
Project("{2150E333-8FDC-42A3-9474-1A3956D46DE8}") = "Ftp", "Ftp", "{51B56803-FCB2-4C44-A30C-D28F245953B3}"
EndProject
Project("{FAE04EC0-301F-11D3-BF4B-00C04F79EFBC}") = "FtpUploadDll", "FtpUploadDll\FtpUploadDll.csproj", "{FDD57E1C-7E98-4732-BE15-F7979067E76B}"
EndProject
Project("{FAE04EC0-301F-11D3-BF4B-00C04F79EFBC}") = "FtpUploadDllTest", "FtpUploadDllTest\FtpUploadDllTest.csproj", "{46E3325B-CEF1-448D-9C2E-674E0E1C373D}"
EndProject
Project("{2150E333-8FDC-42A3-9474-1A3956D46DE8}") = "WCF", "WCF", "{9A889735-B0EA-4C5A-AD51-3777D42A41E0}"
EndProject
Project("{2150E333-8FDC-42A3-9474-1A3956D46DE8}") = "WebService", "WebService", "{7ACA933B-1B25-4000-9BAD-B3D483697AE1}"
	ProjectSection(SolutionItems) = preProject
		WebService.txt = WebService.txt
	EndProjectSection
EndProject
Project("{FAE04EC0-301F-11D3-BF4B-00C04F79EFBC}") = "WebService_Server", "WebService_Server\WebService_Server.csproj", "{501E6043-900A-4280-A698-322B2B8AFED0}"
EndProject
Project("{FAE04EC0-301F-11D3-BF4B-00C04F79EFBC}") = "WebService_Client", "WebService_Client\WebService_Client.csproj", "{34DDEB52-5CC1-4922-BA3C-6BAEDD42AEC3}"
	ProjectSection(ProjectDependencies) = postProject
		{501E6043-900A-4280-A698-322B2B8AFED0} = {501E6043-900A-4280-A698-322B2B8AFED0}
	EndProjectSection
EndProject
Project("{FAE04EC0-301F-11D3-BF4B-00C04F79EFBC}") = "WCFCallBackServer", "WCFCallBackServer\WCFCallBackServer.csproj", "{E7C09202-4D96-4DB4-9BC0-BB4B8EE9AF92}"
EndProject
Project("{2150E333-8FDC-42A3-9474-1A3956D46DE8}") = "WCF_CallBack", "WCF_CallBack", "{237FBF63-72B1-4DA2-BF72-33893DD746D8}"
EndProject
Project("{FAE04EC0-301F-11D3-BF4B-00C04F79EFBC}") = "WCFCallBackClient", "WCFCallBackClient\WCFCallBackClient.csproj", "{55C2A6DA-FEAF-4735-B814-0338C6809D83}"
EndProject
Project("{FAE04EC0-301F-11D3-BF4B-00C04F79EFBC}") = "WCF_ServerNoCfg", "WCF_ServerNoCfg\WCF_ServerNoCfg.csproj", "{5EA9AF5B-2C2C-489D-8C6D-C8A6EBB2578D}"
EndProject
Project("{2150E333-8FDC-42A3-9474-1A3956D46DE8}") = "WCF_NoCfg", "WCF_NoCfg", "{461DC656-B2E1-4FB9-B717-39AE30C356E9}"
EndProject
Project("{FAE04EC0-301F-11D3-BF4B-00C04F79EFBC}") = "WCF_ClientNoCfg", "WCF_ClientNoCfg\WCF_ClientNoCfg.csproj", "{80E3E64A-79AA-4661-B1BD-5660947CE7A1}"
EndProject
Project("{FAE04EC0-301F-11D3-BF4B-00C04F79EFBC}") = "WcfFileTransferService", "WcfFileTransferService\WcfFileTransferService.csproj", "{A9563EEF-4BF8-4CE5-9F84-B7E5E1F2AD7A}"
EndProject
Project("{FAE04EC0-301F-11D3-BF4B-00C04F79EFBC}") = "WcfFileTransferServiceHost", "WcfFileTransferServiceHost\WcfFileTransferServiceHost.csproj", "{4538B342-FEE7-4927-84FA-D5554E6C1727}"
EndProject
Project("{FAE04EC0-301F-11D3-BF4B-00C04F79EFBC}") = "WcfFileTransferServiceClient", "WcfFileTransferServiceClient\WcfFileTransferServiceClient.csproj", "{1005E197-81DF-4074-9AFB-485E7C934ED1}"
	ProjectSection(ProjectDependencies) = postProject
		{A9563EEF-4BF8-4CE5-9F84-B7E5E1F2AD7A} = {A9563EEF-4BF8-4CE5-9F84-B7E5E1F2AD7A}
	EndProjectSection
EndProject
Project("{2150E333-8FDC-42A3-9474-1A3956D46DE8}") = "FileTransfer", "FileTransfer", "{D8A66A36-0F9E-4189-A967-6957438A0C20}"
EndProject
Project("{2150E333-8FDC-42A3-9474-1A3956D46DE8}") = "WCF_Certificate", "WCF_Certificate", "{FD4E39CE-7BBB-4E64-BED3-045704F9FE64}"
EndProject
Project("{FAE04EC0-301F-11D3-BF4B-00C04F79EFBC}") = "WCF_ServerCertificate", "WCF_ServerCertificate\WCF_ServerCertificate.csproj", "{E0B48F9E-E5B4-4420-941D-03C519B9992D}"
EndProject
Project("{FAE04EC0-301F-11D3-BF4B-00C04F79EFBC}") = "WCF_ClientCertificate", "WCF_ClientCertificate\WCF_ClientCertificate.csproj", "{0E05F8D3-411D-4E93-88D6-DC278E718125}"
EndProject
Project("{FAE04EC0-301F-11D3-BF4B-00C04F79EFBC}") = "StdWebService", "StdWebService\StdWebService.csproj", "{C57B9A13-0A75-4243-997A-C009090F8038}"
EndProject
Project("{FAE04EC0-301F-11D3-BF4B-00C04F79EFBC}") = "AsynClient", "AsynClient\AsynClient.csproj", "{645CE4F5-767E-4EFB-951A-C17E572A5BC2}"
	ProjectSection(ProjectDependencies) = postProject
		{C57B9A13-0A75-4243-997A-C009090F8038} = {C57B9A13-0A75-4243-997A-C009090F8038}
	EndProjectSection
EndProject
Global
	GlobalSection(SubversionScc) = preSolution
		Svn-Managed = True
		Manager = AnkhSVN - Subversion Support for Visual Studio
	EndGlobalSection
	GlobalSection(SolutionConfigurationPlatforms) = preSolution
		Debug|Any CPU = Debug|Any CPU
		Release|Any CPU = Release|Any CPU
	EndGlobalSection
	GlobalSection(ProjectConfigurationPlatforms) = postSolution
		{FE790DF4-C8F0-479E-BF15-6911816A85DB}.Debug|Any CPU.ActiveCfg = Debug|Any CPU
		{FE790DF4-C8F0-479E-BF15-6911816A85DB}.Debug|Any CPU.Build.0 = Debug|Any CPU
		{FE790DF4-C8F0-479E-BF15-6911816A85DB}.Release|Any CPU.ActiveCfg = Release|Any CPU
		{FE790DF4-C8F0-479E-BF15-6911816A85DB}.Release|Any CPU.Build.0 = Release|Any CPU
		{22236A1C-6198-464A-B9A2-7397784DA524}.Debug|Any CPU.ActiveCfg = Debug|Any CPU
		{22236A1C-6198-464A-B9A2-7397784DA524}.Debug|Any CPU.Build.0 = Debug|Any CPU
		{22236A1C-6198-464A-B9A2-7397784DA524}.Release|Any CPU.ActiveCfg = Release|Any CPU
		{22236A1C-6198-464A-B9A2-7397784DA524}.Release|Any CPU.Build.0 = Release|Any CPU
		{1DD4D61C-4CD3-4341-BC5D-1092E4833285}.Debug|Any CPU.ActiveCfg = Debug|Any CPU
		{1DD4D61C-4CD3-4341-BC5D-1092E4833285}.Debug|Any CPU.Build.0 = Debug|Any CPU
		{1DD4D61C-4CD3-4341-BC5D-1092E4833285}.Release|Any CPU.ActiveCfg = Release|Any CPU
		{1DD4D61C-4CD3-4341-BC5D-1092E4833285}.Release|Any CPU.Build.0 = Release|Any CPU
		{FDD57E1C-7E98-4732-BE15-F7979067E76B}.Debug|Any CPU.ActiveCfg = Debug|Any CPU
		{FDD57E1C-7E98-4732-BE15-F7979067E76B}.Debug|Any CPU.Build.0 = Debug|Any CPU
		{FDD57E1C-7E98-4732-BE15-F7979067E76B}.Release|Any CPU.ActiveCfg = Release|Any CPU
		{FDD57E1C-7E98-4732-BE15-F7979067E76B}.Release|Any CPU.Build.0 = Release|Any CPU
		{46E3325B-CEF1-448D-9C2E-674E0E1C373D}.Debug|Any CPU.ActiveCfg = Debug|Any CPU
		{46E3325B-CEF1-448D-9C2E-674E0E1C373D}.Debug|Any CPU.Build.0 = Debug|Any CPU
		{46E3325B-CEF1-448D-9C2E-674E0E1C373D}.Release|Any CPU.ActiveCfg = Release|Any CPU
		{46E3325B-CEF1-448D-9C2E-674E0E1C373D}.Release|Any CPU.Build.0 = Release|Any CPU
		{501E6043-900A-4280-A698-322B2B8AFED0}.Debug|Any CPU.ActiveCfg = Debug|Any CPU
		{501E6043-900A-4280-A698-322B2B8AFED0}.Debug|Any CPU.Build.0 = Debug|Any CPU
		{501E6043-900A-4280-A698-322B2B8AFED0}.Release|Any CPU.ActiveCfg = Release|Any CPU
		{501E6043-900A-4280-A698-322B2B8AFED0}.Release|Any CPU.Build.0 = Release|Any CPU
		{34DDEB52-5CC1-4922-BA3C-6BAEDD42AEC3}.Debug|Any CPU.ActiveCfg = Debug|Any CPU
		{34DDEB52-5CC1-4922-BA3C-6BAEDD42AEC3}.Debug|Any CPU.Build.0 = Debug|Any CPU
		{34DDEB52-5CC1-4922-BA3C-6BAEDD42AEC3}.Release|Any CPU.ActiveCfg = Release|Any CPU
		{34DDEB52-5CC1-4922-BA3C-6BAEDD42AEC3}.Release|Any CPU.Build.0 = Release|Any CPU
		{E7C09202-4D96-4DB4-9BC0-BB4B8EE9AF92}.Debug|Any CPU.ActiveCfg = Debug|Any CPU
		{E7C09202-4D96-4DB4-9BC0-BB4B8EE9AF92}.Debug|Any CPU.Build.0 = Debug|Any CPU
		{E7C09202-4D96-4DB4-9BC0-BB4B8EE9AF92}.Release|Any CPU.ActiveCfg = Release|Any CPU
		{E7C09202-4D96-4DB4-9BC0-BB4B8EE9AF92}.Release|Any CPU.Build.0 = Release|Any CPU
		{55C2A6DA-FEAF-4735-B814-0338C6809D83}.Debug|Any CPU.ActiveCfg = Debug|Any CPU
		{55C2A6DA-FEAF-4735-B814-0338C6809D83}.Debug|Any CPU.Build.0 = Debug|Any CPU
		{55C2A6DA-FEAF-4735-B814-0338C6809D83}.Release|Any CPU.ActiveCfg = Release|Any CPU
		{55C2A6DA-FEAF-4735-B814-0338C6809D83}.Release|Any CPU.Build.0 = Release|Any CPU
		{5EA9AF5B-2C2C-489D-8C6D-C8A6EBB2578D}.Debug|Any CPU.ActiveCfg = Debug|Any CPU
		{5EA9AF5B-2C2C-489D-8C6D-C8A6EBB2578D}.Debug|Any CPU.Build.0 = Debug|Any CPU
		{5EA9AF5B-2C2C-489D-8C6D-C8A6EBB2578D}.Release|Any CPU.ActiveCfg = Release|Any CPU
		{5EA9AF5B-2C2C-489D-8C6D-C8A6EBB2578D}.Release|Any CPU.Build.0 = Release|Any CPU
		{80E3E64A-79AA-4661-B1BD-5660947CE7A1}.Debug|Any CPU.ActiveCfg = Debug|Any CPU
		{80E3E64A-79AA-4661-B1BD-5660947CE7A1}.Debug|Any CPU.Build.0 = Debug|Any CPU
		{80E3E64A-79AA-4661-B1BD-5660947CE7A1}.Release|Any CPU.ActiveCfg = Release|Any CPU
		{80E3E64A-79AA-4661-B1BD-5660947CE7A1}.Release|Any CPU.Build.0 = Release|Any CPU
		{A9563EEF-4BF8-4CE5-9F84-B7E5E1F2AD7A}.Debug|Any CPU.ActiveCfg = Debug|Any CPU
		{A9563EEF-4BF8-4CE5-9F84-B7E5E1F2AD7A}.Debug|Any CPU.Build.0 = Debug|Any CPU
		{A9563EEF-4BF8-4CE5-9F84-B7E5E1F2AD7A}.Release|Any CPU.ActiveCfg = Release|Any CPU
		{A9563EEF-4BF8-4CE5-9F84-B7E5E1F2AD7A}.Release|Any CPU.Build.0 = Release|Any CPU
		{4538B342-FEE7-4927-84FA-D5554E6C1727}.Debug|Any CPU.ActiveCfg = Debug|Any CPU
		{4538B342-FEE7-4927-84FA-D5554E6C1727}.Debug|Any CPU.Build.0 = Debug|Any CPU
		{4538B342-FEE7-4927-84FA-D5554E6C1727}.Release|Any CPU.ActiveCfg = Release|Any CPU
		{4538B342-FEE7-4927-84FA-D5554E6C1727}.Release|Any CPU.Build.0 = Release|Any CPU
		{1005E197-81DF-4074-9AFB-485E7C934ED1}.Debug|Any CPU.ActiveCfg = Debug|Any CPU
		{1005E197-81DF-4074-9AFB-485E7C934ED1}.Debug|Any CPU.Build.0 = Debug|Any CPU
		{1005E197-81DF-4074-9AFB-485E7C934ED1}.Release|Any CPU.ActiveCfg = Release|Any CPU
		{1005E197-81DF-4074-9AFB-485E7C934ED1}.Release|Any CPU.Build.0 = Release|Any CPU
		{E0B48F9E-E5B4-4420-941D-03C519B9992D}.Debug|Any CPU.ActiveCfg = Debug|Any CPU
		{E0B48F9E-E5B4-4420-941D-03C519B9992D}.Debug|Any CPU.Build.0 = Debug|Any CPU
		{E0B48F9E-E5B4-4420-941D-03C519B9992D}.Release|Any CPU.ActiveCfg = Release|Any CPU
		{E0B48F9E-E5B4-4420-941D-03C519B9992D}.Release|Any CPU.Build.0 = Release|Any CPU
		{0E05F8D3-411D-4E93-88D6-DC278E718125}.Debug|Any CPU.ActiveCfg = Debug|Any CPU
		{0E05F8D3-411D-4E93-88D6-DC278E718125}.Debug|Any CPU.Build.0 = Debug|Any CPU
		{0E05F8D3-411D-4E93-88D6-DC278E718125}.Release|Any CPU.ActiveCfg = Release|Any CPU
		{0E05F8D3-411D-4E93-88D6-DC278E718125}.Release|Any CPU.Build.0 = Release|Any CPU
		{C57B9A13-0A75-4243-997A-C009090F8038}.Debug|Any CPU.ActiveCfg = Debug|Any CPU
		{C57B9A13-0A75-4243-997A-C009090F8038}.Debug|Any CPU.Build.0 = Debug|Any CPU
		{C57B9A13-0A75-4243-997A-C009090F8038}.Release|Any CPU.ActiveCfg = Release|Any CPU
		{C57B9A13-0A75-4243-997A-C009090F8038}.Release|Any CPU.Build.0 = Release|Any CPU
		{645CE4F5-767E-4EFB-951A-C17E572A5BC2}.Debug|Any CPU.ActiveCfg = Debug|Any CPU
		{645CE4F5-767E-4EFB-951A-C17E572A5BC2}.Debug|Any CPU.Build.0 = Debug|Any CPU
		{645CE4F5-767E-4EFB-951A-C17E572A5BC2}.Release|Any CPU.ActiveCfg = Release|Any CPU
		{645CE4F5-767E-4EFB-951A-C17E572A5BC2}.Release|Any CPU.Build.0 = Release|Any CPU
	EndGlobalSection
	GlobalSection(SolutionProperties) = preSolution
		HideSolutionNode = FALSE
	EndGlobalSection
	GlobalSection(NestedProjects) = preSolution
		{22236A1C-6198-464A-B9A2-7397784DA524} = {9A889735-B0EA-4C5A-AD51-3777D42A41E0}
		{FE790DF4-C8F0-479E-BF15-6911816A85DB} = {9A889735-B0EA-4C5A-AD51-3777D42A41E0}
		{1DD4D61C-4CD3-4341-BC5D-1092E4833285} = {51B56803-FCB2-4C44-A30C-D28F245953B3}
		{FDD57E1C-7E98-4732-BE15-F7979067E76B} = {51B56803-FCB2-4C44-A30C-D28F245953B3}
		{46E3325B-CEF1-448D-9C2E-674E0E1C373D} = {51B56803-FCB2-4C44-A30C-D28F245953B3}
		{501E6043-900A-4280-A698-322B2B8AFED0} = {7ACA933B-1B25-4000-9BAD-B3D483697AE1}
		{34DDEB52-5CC1-4922-BA3C-6BAEDD42AEC3} = {7ACA933B-1B25-4000-9BAD-B3D483697AE1}
		{E7C09202-4D96-4DB4-9BC0-BB4B8EE9AF92} = {237FBF63-72B1-4DA2-BF72-33893DD746D8}
		{55C2A6DA-FEAF-4735-B814-0338C6809D83} = {237FBF63-72B1-4DA2-BF72-33893DD746D8}
		{5EA9AF5B-2C2C-489D-8C6D-C8A6EBB2578D} = {461DC656-B2E1-4FB9-B717-39AE30C356E9}
		{80E3E64A-79AA-4661-B1BD-5660947CE7A1} = {461DC656-B2E1-4FB9-B717-39AE30C356E9}
		{4538B342-FEE7-4927-84FA-D5554E6C1727} = {D8A66A36-0F9E-4189-A967-6957438A0C20}
		{1005E197-81DF-4074-9AFB-485E7C934ED1} = {D8A66A36-0F9E-4189-A967-6957438A0C20}
		{A9563EEF-4BF8-4CE5-9F84-B7E5E1F2AD7A} = {D8A66A36-0F9E-4189-A967-6957438A0C20}
		{E0B48F9E-E5B4-4420-941D-03C519B9992D} = {FD4E39CE-7BBB-4E64-BED3-045704F9FE64}
		{0E05F8D3-411D-4E93-88D6-DC278E718125} = {FD4E39CE-7BBB-4E64-BED3-045704F9FE64}
	EndGlobalSection
EndGlobal
