
Microsoft Visual Studio Solution File, Format Version 10.00
# Visual Studio 2008
Project("{8BC9CEB8-8B4A-11D0-8D11-00A0C91BC942}") = "ATLQuickStart", "ATLQuickStart\ATLQuickStart.vcproj", "{DA6EB5B0-7F07-47EE-A352-FA6727935734}"
EndProject
Project("{2150E333-8FDC-42A3-9474-1A3956D46DE8}") = "Solution Items", "Solution Items", "{5075D461-5F9A-48F4-8B1F-8F358E94C3F7}"
	ProjectSection(SolutionItems) = preProject
		WTL教程.pdf = WTL教程.pdf
	EndProjectSection
EndProject
Project("{8BC9CEB8-8B4A-11D0-8D11-00A0C91BC942}") = "ATLDemo", "ATLDemo\ATLDemo.vcproj", "{2EE0D12B-187B-474F-90E7-6D09058DEDCA}"
EndProject
Project("{2150E333-8FDC-42A3-9474-1A3956D46DE8}") = "Demo1", "Demo1", "{5B4F9234-FF43-4414-A233-E3FAE3F63A1E}"
EndProject
Project("{8BC9CEB8-8B4A-11D0-8D11-00A0C91BC942}") = "ATLDemoTest", "ATLDemoTest\ATLDemoTest.vcproj", "{4F9074CC-6860-42F5-BADE-93565A88E6F5}"
EndProject
Project("{8BC9CEB8-8B4A-11D0-8D11-00A0C91BC942}") = "COMServer", "COMServer\COMServer.vcproj", "{DC4E5CD2-4CE9-4112-A8B2-A5F5F478DA4F}"
EndProject
Project("{8BC9CEB8-8B4A-11D0-8D11-00A0C91BC942}") = "COMServerPS", "COMServer\COMServerPS.vcproj", "{D4A26B75-B950-45E9-8B0A-9A4F41EFDF2C}"
	ProjectSection(ProjectDependencies) = postProject
		{DC4E5CD2-4CE9-4112-A8B2-A5F5F478DA4F} = {DC4E5CD2-4CE9-4112-A8B2-A5F5F478DA4F}
	EndProjectSection
EndProject
Project("{2150E333-8FDC-42A3-9474-1A3956D46DE8}") = "Demo2", "Demo2", "{AB6EA812-B38E-452D-A513-33AA2DC7C5B4}"
EndProject
Project("{8BC9CEB8-8B4A-11D0-8D11-00A0C91BC942}") = "Founder.FSClient", "Founder.FSClient\Founder.FSClient.vcproj", "{5E21E323-5F3E-4D9F-9661-9643A9D8497E}"
EndProject
Project("{8BC9CEB8-8B4A-11D0-8D11-00A0C91BC942}") = "Founder.FSClientPS", "Founder.FSClient\Founder.FSClientPS.vcproj", "{93B66D35-E867-48EC-B4D8-514751A6F98F}"
	ProjectSection(ProjectDependencies) = postProject
		{5E21E323-5F3E-4D9F-9661-9643A9D8497E} = {5E21E323-5F3E-4D9F-9661-9643A9D8497E}
	EndProjectSection
EndProject
Project("{2150E333-8FDC-42A3-9474-1A3956D46DE8}") = "Demo3", "Demo3", "{2DAE9A49-708E-40C1-A3D9-F3E389AC3D4A}"
EndProject
Global
	GlobalSection(SolutionConfigurationPlatforms) = preSolution
		Debug|Win32 = Debug|Win32
		Release|Win32 = Release|Win32
	EndGlobalSection
	GlobalSection(ProjectConfigurationPlatforms) = postSolution
		{DA6EB5B0-7F07-47EE-A352-FA6727935734}.Debug|Win32.ActiveCfg = Debug|Win32
		{DA6EB5B0-7F07-47EE-A352-FA6727935734}.Debug|Win32.Build.0 = Debug|Win32
		{DA6EB5B0-7F07-47EE-A352-FA6727935734}.Release|Win32.ActiveCfg = Release|Win32
		{DA6EB5B0-7F07-47EE-A352-FA6727935734}.Release|Win32.Build.0 = Release|Win32
		{2EE0D12B-187B-474F-90E7-6D09058DEDCA}.Debug|Win32.ActiveCfg = Debug|Win32
		{2EE0D12B-187B-474F-90E7-6D09058DEDCA}.Debug|Win32.Build.0 = Debug|Win32
		{2EE0D12B-187B-474F-90E7-6D09058DEDCA}.Release|Win32.ActiveCfg = Release|Win32
		{2EE0D12B-187B-474F-90E7-6D09058DEDCA}.Release|Win32.Build.0 = Release|Win32
		{4F9074CC-6860-42F5-BADE-93565A88E6F5}.Debug|Win32.ActiveCfg = Debug|Win32
		{4F9074CC-6860-42F5-BADE-93565A88E6F5}.Debug|Win32.Build.0 = Debug|Win32
		{4F9074CC-6860-42F5-BADE-93565A88E6F5}.Release|Win32.ActiveCfg = Release|Win32
		{4F9074CC-6860-42F5-BADE-93565A88E6F5}.Release|Win32.Build.0 = Release|Win32
		{DC4E5CD2-4CE9-4112-A8B2-A5F5F478DA4F}.Debug|Win32.ActiveCfg = Debug|Win32
		{DC4E5CD2-4CE9-4112-A8B2-A5F5F478DA4F}.Debug|Win32.Build.0 = Debug|Win32
		{DC4E5CD2-4CE9-4112-A8B2-A5F5F478DA4F}.Release|Win32.ActiveCfg = Release|Win32
		{DC4E5CD2-4CE9-4112-A8B2-A5F5F478DA4F}.Release|Win32.Build.0 = Release|Win32
		{D4A26B75-B950-45E9-8B0A-9A4F41EFDF2C}.Debug|Win32.ActiveCfg = Debug|Win32
		{D4A26B75-B950-45E9-8B0A-9A4F41EFDF2C}.Release|Win32.ActiveCfg = Release|Win32
		{5E21E323-5F3E-4D9F-9661-9643A9D8497E}.Debug|Win32.ActiveCfg = Debug|Win32
		{5E21E323-5F3E-4D9F-9661-9643A9D8497E}.Debug|Win32.Build.0 = Debug|Win32
		{5E21E323-5F3E-4D9F-9661-9643A9D8497E}.Release|Win32.ActiveCfg = Release|Win32
		{5E21E323-5F3E-4D9F-9661-9643A9D8497E}.Release|Win32.Build.0 = Release|Win32
		{93B66D35-E867-48EC-B4D8-514751A6F98F}.Debug|Win32.ActiveCfg = Debug|Win32
		{93B66D35-E867-48EC-B4D8-514751A6F98F}.Release|Win32.ActiveCfg = Release|Win32
	EndGlobalSection
	GlobalSection(SolutionProperties) = preSolution
		HideSolutionNode = FALSE
	EndGlobalSection
	GlobalSection(NestedProjects) = preSolution
		{2EE0D12B-187B-474F-90E7-6D09058DEDCA} = {5B4F9234-FF43-4414-A233-E3FAE3F63A1E}
		{4F9074CC-6860-42F5-BADE-93565A88E6F5} = {5B4F9234-FF43-4414-A233-E3FAE3F63A1E}
		{D4A26B75-B950-45E9-8B0A-9A4F41EFDF2C} = {AB6EA812-B38E-452D-A513-33AA2DC7C5B4}
		{DC4E5CD2-4CE9-4112-A8B2-A5F5F478DA4F} = {AB6EA812-B38E-452D-A513-33AA2DC7C5B4}
		{93B66D35-E867-48EC-B4D8-514751A6F98F} = {2DAE9A49-708E-40C1-A3D9-F3E389AC3D4A}
		{5E21E323-5F3E-4D9F-9661-9643A9D8497E} = {2DAE9A49-708E-40C1-A3D9-F3E389AC3D4A}
	EndGlobalSection
	GlobalSection(SubversionScc) = preSolution
		Svn-Managed = True
		Manager = AnkhSVN - Subversion Support for Visual Studio
	EndGlobalSection
EndGlobal
