
Microsoft Visual Studio Solution File, Format Version 10.00
# Visual Studio 2008
Project("{8BC9CEB8-8B4A-11D0-8D11-00A0C91BC942}") = "DrawControl", "DrawControl\DrawControl.vcproj", "{DE754443-18ED-4864-8DF7-848AFF8C8710}"
EndProject
Global
	GlobalSection(SolutionConfigurationPlatforms) = preSolution
		Debug|Win32 = Debug|Win32
		Release|Win32 = Release|Win32
	EndGlobalSection
	GlobalSection(ProjectConfigurationPlatforms) = postSolution
		{DE754443-18ED-4864-8DF7-848AFF8C8710}.Debug|Win32.ActiveCfg = Debug|Win32
		{DE754443-18ED-4864-8DF7-848AFF8C8710}.Debug|Win32.Build.0 = Debug|Win32
		{DE754443-18ED-4864-8DF7-848AFF8C8710}.Release|Win32.ActiveCfg = Release|Win32
		{DE754443-18ED-4864-8DF7-848AFF8C8710}.Release|Win32.Build.0 = Release|Win32
	EndGlobalSection
	GlobalSection(SolutionProperties) = preSolution
		HideSolutionNode = FALSE
	EndGlobalSection
EndGlobal
