// !$*UTF8*$!
{
	archiveVersion = 1;
	classes = {
	};
	objectVersion = 46;
	objects = {

/* Begin PBXBuildFile section */
		2C28681E1518899100630470 /* YFRectangle.m in Sources */ = {isa = PBXBuildFile; fileRef = 2C28681D1518899100630470 /* YFRectangle.m */; };
		2CD88F4E1517200D00F80070 /* Foundation.framework in Frameworks */ = {isa = PBXBuildFile; fileRef = 2CD88F4D1517200D00F80070 /* Foundation.framework */; };
		2CD88F511517200D00F80070 /* main.m in Sources */ = {isa = PBXBuildFile; fileRef = 2CD88F501517200D00F80070 /* main.m */; };
		2CD88F551517200D00F80070 /* HelloObjC.1 in CopyFiles */ = {isa = PBXBuildFile; fileRef = 2CD88F541517200D00F80070 /* HelloObjC.1 */; };
		2CD88F5D1517205E00F80070 /* YFPoint2D.m in Sources */ = {isa = PBXBuildFile; fileRef = 2CD88F5C1517205E00F80070 /* YFPoint2D.m */; };
		2CD88F601517372900F80070 /* YFPoint3D.m in Sources */ = {isa = PBXBuildFile; fileRef = 2CD88F5F1517372900F80070 /* YFPoint3D.m */; };
/* End PBXBuildFile section */

/* Begin PBXContainerItemProxy section */
		2C2868681519827100630470 /* PBXContainerItemProxy */ = {
			isa = PBXContainerItemProxy;
			containerPortal = 2C2868641519827000630470 /* HelloFoundationKit.xcodeproj */;
			proxyType = 2;
			remoteGlobalIDString = 2C2868521519827000630470;
			remoteInfo = HelloFoundationKit;
		};
		2CD5C47F15203F8B00CF3214 /* PBXContainerItemProxy */ = {
			isa = PBXContainerItemProxy;
			containerPortal = 2CD5C47B15203F8100CF3214 /* HelloApp.xcodeproj */;
			proxyType = 2;
			remoteGlobalIDString = 2CD5C45A15203F7A00CF3214;
			remoteInfo = HelloApp;
		};
		2CDF0CEA151AFBF50094D241 /* PBXContainerItemProxy */ = {
			isa = PBXContainerItemProxy;
			containerPortal = 2CDF0CE6151AFBF30094D241 /* helloproperty.xcodeproj */;
			proxyType = 2;
			remoteGlobalIDString = 2CDF0CD4151AFBF30094D241;
			remoteInfo = helloproperty;
		};
		2CDF0D22151B1E4C0094D241 /* PBXContainerItemProxy */ = {
			isa = PBXContainerItemProxy;
			containerPortal = 2CDF0D1E151B1E450094D241 /* HelloAppKit.xcodeproj */;
			proxyType = 2;
			remoteGlobalIDString = 2CDF0CFD151B1E450094D241;
			remoteInfo = HelloAppKit;
		};
/* End PBXContainerItemProxy section */

/* Begin PBXCopyFilesBuildPhase section */
		2CD88F471517200D00F80070 /* CopyFiles */ = {
			isa = PBXCopyFilesBuildPhase;
			buildActionMask = 2147483647;
			dstPath = /usr/share/man/man1/;
			dstSubfolderSpec = 0;
			files = (
				2CD88F551517200D00F80070 /* HelloObjC.1 in CopyFiles */,
			);
			runOnlyForDeploymentPostprocessing = 1;
		};
/* End PBXCopyFilesBuildPhase section */

/* Begin PBXFileReference section */
		2C28681C1518899100630470 /* YFRectangle.h */ = {isa = PBXFileReference; fileEncoding = 4; lastKnownFileType = sourcecode.c.h; path = YFRectangle.h; sourceTree = "<group>"; };
		2C28681D1518899100630470 /* YFRectangle.m */ = {isa = PBXFileReference; fileEncoding = 4; lastKnownFileType = sourcecode.c.objc; path = YFRectangle.m; sourceTree = "<group>"; };
		2C2868641519827000630470 /* HelloFoundationKit.xcodeproj */ = {isa = PBXFileReference; lastKnownFileType = "wrapper.pb-project"; name = HelloFoundationKit.xcodeproj; path = HelloFoundationKit/HelloFoundationKit.xcodeproj; sourceTree = "<group>"; };
		2CD5C47B15203F8100CF3214 /* HelloApp.xcodeproj */ = {isa = PBXFileReference; lastKnownFileType = "wrapper.pb-project"; name = HelloApp.xcodeproj; path = HelloApp/HelloApp.xcodeproj; sourceTree = "<group>"; };
		2CD88F491517200D00F80070 /* HelloObjC */ = {isa = PBXFileReference; explicitFileType = "compiled.mach-o.executable"; includeInIndex = 0; path = HelloObjC; sourceTree = BUILT_PRODUCTS_DIR; };
		2CD88F4D1517200D00F80070 /* Foundation.framework */ = {isa = PBXFileReference; lastKnownFileType = wrapper.framework; name = Foundation.framework; path = System/Library/Frameworks/Foundation.framework; sourceTree = SDKROOT; };
		2CD88F501517200D00F80070 /* main.m */ = {isa = PBXFileReference; lastKnownFileType = sourcecode.c.objc; path = main.m; sourceTree = "<group>"; };
		2CD88F531517200D00F80070 /* HelloObjC-Prefix.pch */ = {isa = PBXFileReference; lastKnownFileType = sourcecode.c.h; path = "HelloObjC-Prefix.pch"; sourceTree = "<group>"; };
		2CD88F541517200D00F80070 /* HelloObjC.1 */ = {isa = PBXFileReference; lastKnownFileType = text.man; path = HelloObjC.1; sourceTree = "<group>"; };
		2CD88F5B1517205E00F80070 /* YFPoint2D.h */ = {isa = PBXFileReference; fileEncoding = 4; lastKnownFileType = sourcecode.c.h; path = YFPoint2D.h; sourceTree = "<group>"; };
		2CD88F5C1517205E00F80070 /* YFPoint2D.m */ = {isa = PBXFileReference; fileEncoding = 4; lastKnownFileType = sourcecode.c.objc; path = YFPoint2D.m; sourceTree = "<group>"; };
		2CD88F5E1517372900F80070 /* YFPoint3D.h */ = {isa = PBXFileReference; fileEncoding = 4; lastKnownFileType = sourcecode.c.h; path = YFPoint3D.h; sourceTree = "<group>"; };
		2CD88F5F1517372900F80070 /* YFPoint3D.m */ = {isa = PBXFileReference; fileEncoding = 4; lastKnownFileType = sourcecode.c.objc; path = YFPoint3D.m; sourceTree = "<group>"; };
		2CDF0CE6151AFBF30094D241 /* helloproperty.xcodeproj */ = {isa = PBXFileReference; lastKnownFileType = "wrapper.pb-project"; name = helloproperty.xcodeproj; path = helloproperty/helloproperty.xcodeproj; sourceTree = "<group>"; };
		2CDF0D1E151B1E450094D241 /* HelloAppKit.xcodeproj */ = {isa = PBXFileReference; lastKnownFileType = "wrapper.pb-project"; name = HelloAppKit.xcodeproj; path = HelloAppKit/HelloAppKit.xcodeproj; sourceTree = "<group>"; };
/* End PBXFileReference section */

/* Begin PBXFrameworksBuildPhase section */
		2CD88F461517200D00F80070 /* Frameworks */ = {
			isa = PBXFrameworksBuildPhase;
			buildActionMask = 2147483647;
			files = (
				2CD88F4E1517200D00F80070 /* Foundation.framework in Frameworks */,
			);
			runOnlyForDeploymentPostprocessing = 0;
		};
/* End PBXFrameworksBuildPhase section */

/* Begin PBXGroup section */
		2C2868651519827000630470 /* Products */ = {
			isa = PBXGroup;
			children = (
				2C2868691519827100630470 /* HelloFoundationKit */,
			);
			name = Products;
			sourceTree = "<group>";
		};
		2C28686C151982AF00630470 /* se8 */ = {
			isa = PBXGroup;
			children = (
				2C2868641519827000630470 /* HelloFoundationKit.xcodeproj */,
			);
			name = se8;
			sourceTree = "<group>";
		};
		2C28686D151982EE00630470 /* basic */ = {
			isa = PBXGroup;
			children = (
				2CD88F4F1517200D00F80070 /* HelloObjC */,
				2CD88F4C1517200D00F80070 /* Frameworks */,
				2CD88F4A1517200D00F80070 /* Products */,
			);
			name = basic;
			sourceTree = "<group>";
		};
		2CD5C47C15203F8100CF3214 /* Products */ = {
			isa = PBXGroup;
			children = (
				2CD5C48015203F8B00CF3214 /* HelloApp.app */,
			);
			name = Products;
			sourceTree = "<group>";
		};
		2CD88F3E1517200D00F80070 = {
			isa = PBXGroup;
			children = (
				2C28686D151982EE00630470 /* basic */,
				2C28686C151982AF00630470 /* se8 */,
				2CDF0CC8151AFBA90094D241 /* se11 */,
				2CDF0CF1151B1DC30094D241 /* AppKit */,
			);
			sourceTree = "<group>";
		};
		2CD88F4A1517200D00F80070 /* Products */ = {
			isa = PBXGroup;
			children = (
				2CD88F491517200D00F80070 /* HelloObjC */,
			);
			name = Products;
			sourceTree = "<group>";
		};
		2CD88F4C1517200D00F80070 /* Frameworks */ = {
			isa = PBXGroup;
			children = (
				2CD88F4D1517200D00F80070 /* Foundation.framework */,
			);
			name = Frameworks;
			sourceTree = "<group>";
		};
		2CD88F4F1517200D00F80070 /* HelloObjC */ = {
			isa = PBXGroup;
			children = (
				2CD88F5E1517372900F80070 /* YFPoint3D.h */,
				2CD88F5F1517372900F80070 /* YFPoint3D.m */,
				2CD88F5B1517205E00F80070 /* YFPoint2D.h */,
				2CD88F5C1517205E00F80070 /* YFPoint2D.m */,
				2CD88F501517200D00F80070 /* main.m */,
				2CD88F541517200D00F80070 /* HelloObjC.1 */,
				2CD88F521517200D00F80070 /* Supporting Files */,
				2C28681C1518899100630470 /* YFRectangle.h */,
				2C28681D1518899100630470 /* YFRectangle.m */,
			);
			path = HelloObjC;
			sourceTree = "<group>";
		};
		2CD88F521517200D00F80070 /* Supporting Files */ = {
			isa = PBXGroup;
			children = (
				2CD88F531517200D00F80070 /* HelloObjC-Prefix.pch */,
			);
			name = "Supporting Files";
			sourceTree = "<group>";
		};
		2CDF0CC8151AFBA90094D241 /* se11 */ = {
			isa = PBXGroup;
			children = (
				2CDF0CE6151AFBF30094D241 /* helloproperty.xcodeproj */,
			);
			name = se11;
			sourceTree = "<group>";
		};
		2CDF0CE7151AFBF30094D241 /* Products */ = {
			isa = PBXGroup;
			children = (
				2CDF0CEB151AFBF50094D241 /* helloproperty */,
			);
			name = Products;
			sourceTree = "<group>";
		};
		2CDF0CF1151B1DC30094D241 /* AppKit */ = {
			isa = PBXGroup;
			children = (
				2CD5C47B15203F8100CF3214 /* HelloApp.xcodeproj */,
				2CDF0D1E151B1E450094D241 /* HelloAppKit.xcodeproj */,
			);
			name = AppKit;
			sourceTree = "<group>";
		};
		2CDF0D1F151B1E450094D241 /* Products */ = {
			isa = PBXGroup;
			children = (
				2CDF0D23151B1E4C0094D241 /* HelloAppKit.app */,
			);
			name = Products;
			sourceTree = "<group>";
		};
/* End PBXGroup section */

/* Begin PBXNativeTarget section */
		2CD88F481517200D00F80070 /* HelloObjC */ = {
			isa = PBXNativeTarget;
			buildConfigurationList = 2CD88F581517200D00F80070 /* Build configuration list for PBXNativeTarget "HelloObjC" */;
			buildPhases = (
				2CD88F451517200D00F80070 /* Sources */,
				2CD88F461517200D00F80070 /* Frameworks */,
				2CD88F471517200D00F80070 /* CopyFiles */,
			);
			buildRules = (
			);
			dependencies = (
			);
			name = HelloObjC;
			productName = HelloObjC;
			productReference = 2CD88F491517200D00F80070 /* HelloObjC */;
			productType = "com.apple.product-type.tool";
		};
/* End PBXNativeTarget section */

/* Begin PBXProject section */
		2CD88F401517200D00F80070 /* Project object */ = {
			isa = PBXProject;
			attributes = {
				LastUpgradeCheck = 0430;
			};
			buildConfigurationList = 2CD88F431517200D00F80070 /* Build configuration list for PBXProject "HelloObjC" */;
			compatibilityVersion = "Xcode 3.2";
			developmentRegion = English;
			hasScannedForEncodings = 0;
			knownRegions = (
				en,
			);
			mainGroup = 2CD88F3E1517200D00F80070;
			productRefGroup = 2CD88F4A1517200D00F80070 /* Products */;
			projectDirPath = "";
			projectReferences = (
				{
					ProductGroup = 2CD5C47C15203F8100CF3214 /* Products */;
					ProjectRef = 2CD5C47B15203F8100CF3214 /* HelloApp.xcodeproj */;
				},
				{
					ProductGroup = 2CDF0D1F151B1E450094D241 /* Products */;
					ProjectRef = 2CDF0D1E151B1E450094D241 /* HelloAppKit.xcodeproj */;
				},
				{
					ProductGroup = 2C2868651519827000630470 /* Products */;
					ProjectRef = 2C2868641519827000630470 /* HelloFoundationKit.xcodeproj */;
				},
				{
					ProductGroup = 2CDF0CE7151AFBF30094D241 /* Products */;
					ProjectRef = 2CDF0CE6151AFBF30094D241 /* helloproperty.xcodeproj */;
				},
			);
			projectRoot = "";
			targets = (
				2CD88F481517200D00F80070 /* HelloObjC */,
			);
		};
/* End PBXProject section */

/* Begin PBXReferenceProxy section */
		2C2868691519827100630470 /* HelloFoundationKit */ = {
			isa = PBXReferenceProxy;
			fileType = "compiled.mach-o.executable";
			path = HelloFoundationKit;
			remoteRef = 2C2868681519827100630470 /* PBXContainerItemProxy */;
			sourceTree = BUILT_PRODUCTS_DIR;
		};
		2CD5C48015203F8B00CF3214 /* HelloApp.app */ = {
			isa = PBXReferenceProxy;
			fileType = wrapper.application;
			path = HelloApp.app;
			remoteRef = 2CD5C47F15203F8B00CF3214 /* PBXContainerItemProxy */;
			sourceTree = BUILT_PRODUCTS_DIR;
		};
		2CDF0CEB151AFBF50094D241 /* helloproperty */ = {
			isa = PBXReferenceProxy;
			fileType = "compiled.mach-o.executable";
			path = helloproperty;
			remoteRef = 2CDF0CEA151AFBF50094D241 /* PBXContainerItemProxy */;
			sourceTree = BUILT_PRODUCTS_DIR;
		};
		2CDF0D23151B1E4C0094D241 /* HelloAppKit.app */ = {
			isa = PBXReferenceProxy;
			fileType = wrapper.application;
			path = HelloAppKit.app;
			remoteRef = 2CDF0D22151B1E4C0094D241 /* PBXContainerItemProxy */;
			sourceTree = BUILT_PRODUCTS_DIR;
		};
/* End PBXReferenceProxy section */

/* Begin PBXSourcesBuildPhase section */
		2CD88F451517200D00F80070 /* Sources */ = {
			isa = PBXSourcesBuildPhase;
			buildActionMask = 2147483647;
			files = (
				2CD88F511517200D00F80070 /* main.m in Sources */,
				2CD88F5D1517205E00F80070 /* YFPoint2D.m in Sources */,
				2CD88F601517372900F80070 /* YFPoint3D.m in Sources */,
				2C28681E1518899100630470 /* YFRectangle.m in Sources */,
			);
			runOnlyForDeploymentPostprocessing = 0;
		};
/* End PBXSourcesBuildPhase section */

/* Begin XCBuildConfiguration section */
		2CD88F561517200D00F80070 /* Debug */ = {
			isa = XCBuildConfiguration;
			buildSettings = {
				ALWAYS_SEARCH_USER_PATHS = NO;
				ARCHS = "$(ARCHS_STANDARD_64_BIT)";
				CLANG_ENABLE_OBJC_ARC = YES;
				COPY_PHASE_STRIP = NO;
				GCC_C_LANGUAGE_STANDARD = gnu99;
				GCC_DYNAMIC_NO_PIC = NO;
				GCC_ENABLE_OBJC_EXCEPTIONS = YES;
				GCC_OPTIMIZATION_LEVEL = 0;
				GCC_PREPROCESSOR_DEFINITIONS = (
					"DEBUG=1",
					"$(inherited)",
				);
				GCC_SYMBOLS_PRIVATE_EXTERN = NO;
				GCC_VERSION = com.apple.compilers.llvm.clang.1_0;
				GCC_WARN_64_TO_32_BIT_CONVERSION = YES;
				GCC_WARN_ABOUT_RETURN_TYPE = YES;
				GCC_WARN_UNINITIALIZED_AUTOS = YES;
				GCC_WARN_UNUSED_VARIABLE = YES;
				MACOSX_DEPLOYMENT_TARGET = 10.7;
				ONLY_ACTIVE_ARCH = YES;
				SDKROOT = macosx;
			};
			name = Debug;
		};
		2CD88F571517200D00F80070 /* Release */ = {
			isa = XCBuildConfiguration;
			buildSettings = {
				ALWAYS_SEARCH_USER_PATHS = NO;
				ARCHS = "$(ARCHS_STANDARD_64_BIT)";
				CLANG_ENABLE_OBJC_ARC = YES;
				COPY_PHASE_STRIP = YES;
				DEBUG_INFORMATION_FORMAT = "dwarf-with-dsym";
				GCC_C_LANGUAGE_STANDARD = gnu99;
				GCC_ENABLE_OBJC_EXCEPTIONS = YES;
				GCC_VERSION = com.apple.compilers.llvm.clang.1_0;
				GCC_WARN_64_TO_32_BIT_CONVERSION = YES;
				GCC_WARN_ABOUT_RETURN_TYPE = YES;
				GCC_WARN_UNINITIALIZED_AUTOS = YES;
				GCC_WARN_UNUSED_VARIABLE = YES;
				MACOSX_DEPLOYMENT_TARGET = 10.7;
				SDKROOT = macosx;
			};
			name = Release;
		};
		2CD88F591517200D00F80070 /* Debug */ = {
			isa = XCBuildConfiguration;
			buildSettings = {
				GCC_PRECOMPILE_PREFIX_HEADER = YES;
				GCC_PREFIX_HEADER = "HelloObjC/HelloObjC-Prefix.pch";
				PRODUCT_NAME = "$(TARGET_NAME)";
			};
			name = Debug;
		};
		2CD88F5A1517200D00F80070 /* Release */ = {
			isa = XCBuildConfiguration;
			buildSettings = {
				GCC_PRECOMPILE_PREFIX_HEADER = YES;
				GCC_PREFIX_HEADER = "HelloObjC/HelloObjC-Prefix.pch";
				PRODUCT_NAME = "$(TARGET_NAME)";
			};
			name = Release;
		};
/* End XCBuildConfiguration section */

/* Begin XCConfigurationList section */
		2CD88F431517200D00F80070 /* Build configuration list for PBXProject "HelloObjC" */ = {
			isa = XCConfigurationList;
			buildConfigurations = (
				2CD88F561517200D00F80070 /* Debug */,
				2CD88F571517200D00F80070 /* Release */,
			);
			defaultConfigurationIsVisible = 0;
			defaultConfigurationName = Release;
		};
		2CD88F581517200D00F80070 /* Build configuration list for PBXNativeTarget "HelloObjC" */ = {
			isa = XCConfigurationList;
			buildConfigurations = (
				2CD88F591517200D00F80070 /* Debug */,
				2CD88F5A1517200D00F80070 /* Release */,
			);
			defaultConfigurationIsVisible = 0;
			defaultConfigurationName = Release;
		};
/* End XCConfigurationList section */
	};
	rootObject = 2CD88F401517200D00F80070 /* Project object */;
}
