
Microsoft Visual Studio Solution File, Format Version 10.00
# Visual Studio 2008
Project("{FAE04EC0-301F-11D3-BF4B-00C04F79EFBC}") = "01SrvMon", "SrvMon\01SrvMon.csproj", "{6ED22606-D369-454A-994B-0DDBC07A94BB}"
EndProject
Project("{FAE04EC0-301F-11D3-BF4B-00C04F79EFBC}") = "02FileMonitorService", "FileMonitorService\02FileMonitorService.csproj", "{C764CE30-1D3F-4C2D-905C-876F44CF6425}"
EndProject
Project("{FAE04EC0-301F-11D3-BF4B-00C04F79EFBC}") = "03FileWatchService", "FileWatchService\03FileWatchService.csproj", "{0F7BC33A-417F-437E-AFB1-7C9EB83ACADD}"
EndProject
Project("{FAE04EC0-301F-11D3-BF4B-00C04F79EFBC}") = "StartFileMonitorService", "StartFileMonitorService\StartFileMonitorService.csproj", "{BBBCEC3A-1FEA-449C-8D4B-51C7CEC12758}"
EndProject
Project("{FAE04EC0-301F-11D3-BF4B-00C04F79EFBC}") = "MyWindowsService", "MyWindowsService\MyWindowsService.csproj", "{19F5E388-3D9B-46FC-A1A5-B2DEF0C2E014}"
EndProject
Global
	GlobalSection(SubversionScc) = preSolution
		Svn-Managed = True
		Manager = AnkhSVN - Subversion Support for Visual Studio
	EndGlobalSection
	GlobalSection(SolutionConfigurationPlatforms) = preSolution
		Debug|Any CPU = Debug|Any CPU
		Release|Any CPU = Release|Any CPU
	EndGlobalSection
	GlobalSection(ProjectConfigurationPlatforms) = postSolution
		{6ED22606-D369-454A-994B-0DDBC07A94BB}.Debug|Any CPU.ActiveCfg = Debug|Any CPU
		{6ED22606-D369-454A-994B-0DDBC07A94BB}.Debug|Any CPU.Build.0 = Debug|Any CPU
		{6ED22606-D369-454A-994B-0DDBC07A94BB}.Release|Any CPU.ActiveCfg = Release|Any CPU
		{6ED22606-D369-454A-994B-0DDBC07A94BB}.Release|Any CPU.Build.0 = Release|Any CPU
		{C764CE30-1D3F-4C2D-905C-876F44CF6425}.Debug|Any CPU.ActiveCfg = Debug|Any CPU
		{C764CE30-1D3F-4C2D-905C-876F44CF6425}.Debug|Any CPU.Build.0 = Debug|Any CPU
		{C764CE30-1D3F-4C2D-905C-876F44CF6425}.Release|Any CPU.ActiveCfg = Release|Any CPU
		{C764CE30-1D3F-4C2D-905C-876F44CF6425}.Release|Any CPU.Build.0 = Release|Any CPU
		{0F7BC33A-417F-437E-AFB1-7C9EB83ACADD}.Debug|Any CPU.ActiveCfg = Debug|Any CPU
		{0F7BC33A-417F-437E-AFB1-7C9EB83ACADD}.Debug|Any CPU.Build.0 = Debug|Any CPU
		{0F7BC33A-417F-437E-AFB1-7C9EB83ACADD}.Release|Any CPU.ActiveCfg = Release|Any CPU
		{0F7BC33A-417F-437E-AFB1-7C9EB83ACADD}.Release|Any CPU.Build.0 = Release|Any CPU
		{BBBCEC3A-1FEA-449C-8D4B-51C7CEC12758}.Debug|Any CPU.ActiveCfg = Debug|Any CPU
		{BBBCEC3A-1FEA-449C-8D4B-51C7CEC12758}.Debug|Any CPU.Build.0 = Debug|Any CPU
		{BBBCEC3A-1FEA-449C-8D4B-51C7CEC12758}.Release|Any CPU.ActiveCfg = Release|Any CPU
		{BBBCEC3A-1FEA-449C-8D4B-51C7CEC12758}.Release|Any CPU.Build.0 = Release|Any CPU
		{19F5E388-3D9B-46FC-A1A5-B2DEF0C2E014}.Debug|Any CPU.ActiveCfg = Debug|Any CPU
		{19F5E388-3D9B-46FC-A1A5-B2DEF0C2E014}.Debug|Any CPU.Build.0 = Debug|Any CPU
		{19F5E388-3D9B-46FC-A1A5-B2DEF0C2E014}.Release|Any CPU.ActiveCfg = Release|Any CPU
		{19F5E388-3D9B-46FC-A1A5-B2DEF0C2E014}.Release|Any CPU.Build.0 = Release|Any CPU
	EndGlobalSection
	GlobalSection(SolutionProperties) = preSolution
		HideSolutionNode = FALSE
	EndGlobalSection
EndGlobal
